
Microsoft Visual Studio Solution File, Format Version 12.00
# Visual Studio 15
VisualStudioVersion = 15.0.28307.902
MinimumVisualStudioVersion = 10.0.40219.1
Project("{FAE04EC0-301F-11D3-BF4B-00C04F79EFBC}") = "CadastroEVA_001", "CadastroEVA_001\CadastroEVA_001.csproj", "{E3C21068-7F5B-49B8-8061-869683F9CD0D}"
EndProject
Global
	GlobalSection(SolutionConfigurationPlatforms) = preSolution
		Debug|Any CPU = Debug|Any CPU
		Release|Any CPU = Release|Any CPU
	EndGlobalSection
	GlobalSection(ProjectConfigurationPlatforms) = postSolution
		{E3C21068-7F5B-49B8-8061-869683F9CD0D}.Debug|Any CPU.ActiveCfg = Debug|Any CPU
		{E3C21068-7F5B-49B8-8061-869683F9CD0D}.Debug|Any CPU.Build.0 = Debug|Any CPU
		{E3C21068-7F5B-49B8-8061-869683F9CD0D}.Release|Any CPU.ActiveCfg = Release|Any CPU
		{E3C21068-7F5B-49B8-8061-869683F9CD0D}.Release|Any CPU.Build.0 = Release|Any CPU
	EndGlobalSection
	GlobalSection(SolutionProperties) = preSolution
		HideSolutionNode = FALSE
	EndGlobalSection
	GlobalSection(ExtensibilityGlobals) = postSolution
		SolutionGuid = {CCE09798-98FC-4FA7-8851-2B3DF901F984}
	EndGlobalSection
EndGlobal
